
Microsoft Visual Studio Solution File, Format Version 12.00
# Visual Studio Version 17
VisualStudioVersion = 17.14.36301.6
MinimumVisualStudioVersion = 10.0.40219.1
Project("{FAE04EC0-301F-11D3-BF4B-00C04F79EFBC}") = "Estudio.Application", "Estudio.Application\Estudio.Application.csproj", "{EC5E4F27-4603-4AAD-A554-E68A53492363}"
EndProject
Project("{FAE04EC0-301F-11D3-BF4B-00C04F79EFBC}") = "Estudio.Infrastructure", "Estudio.Infrastructure\Estudio.Infrastructure.csproj", "{524E5F34-B9E5-437B-8CFF-953C54A0F99D}"
EndProject
Project("{FAE04EC0-301F-11D3-BF4B-00C04F79EFBC}") = "Estudio.Domain", "Estudio.Domain\Estudio.Domain.csproj", "{2622DAB8-3046-4BCE-85FC-6CC4EC75B234}"
EndProject
Project("{FAE04EC0-301F-11D3-BF4B-00C04F79EFBC}") = "Estudio.Contracts", "Estudio.Contracts\Estudio.Contracts.csproj", "{1722D7E5-4318-4208-A00C-4CB14EE6C374}"
EndProject
Project("{FAE04EC0-301F-11D3-BF4B-00C04F79EFBC}") = "Estudio.API", "Estudio.API\Estudio.API.csproj", "{1FD3486F-7F4F-4A58-9504-1F0351DB41C8}"
EndProject
Global
	GlobalSection(SolutionConfigurationPlatforms) = preSolution
		Debug|Any CPU = Debug|Any CPU
		Release|Any CPU = Release|Any CPU
	EndGlobalSection
	GlobalSection(ProjectConfigurationPlatforms) = postSolution
		{EC5E4F27-4603-4AAD-A554-E68A53492363}.Debug|Any CPU.ActiveCfg = Debug|Any CPU
		{EC5E4F27-4603-4AAD-A554-E68A53492363}.Debug|Any CPU.Build.0 = Debug|Any CPU
		{EC5E4F27-4603-4AAD-A554-E68A53492363}.Release|Any CPU.ActiveCfg = Release|Any CPU
		{EC5E4F27-4603-4AAD-A554-E68A53492363}.Release|Any CPU.Build.0 = Release|Any CPU
		{524E5F34-B9E5-437B-8CFF-953C54A0F99D}.Debug|Any CPU.ActiveCfg = Debug|Any CPU
		{524E5F34-B9E5-437B-8CFF-953C54A0F99D}.Debug|Any CPU.Build.0 = Debug|Any CPU
		{524E5F34-B9E5-437B-8CFF-953C54A0F99D}.Release|Any CPU.ActiveCfg = Release|Any CPU
		{524E5F34-B9E5-437B-8CFF-953C54A0F99D}.Release|Any CPU.Build.0 = Release|Any CPU
		{2622DAB8-3046-4BCE-85FC-6CC4EC75B234}.Debug|Any CPU.ActiveCfg = Debug|Any CPU
		{2622DAB8-3046-4BCE-85FC-6CC4EC75B234}.Debug|Any CPU.Build.0 = Debug|Any CPU
		{2622DAB8-3046-4BCE-85FC-6CC4EC75B234}.Release|Any CPU.ActiveCfg = Release|Any CPU
		{2622DAB8-3046-4BCE-85FC-6CC4EC75B234}.Release|Any CPU.Build.0 = Release|Any CPU
		{1722D7E5-4318-4208-A00C-4CB14EE6C374}.Debug|Any CPU.ActiveCfg = Debug|Any CPU
		{1722D7E5-4318-4208-A00C-4CB14EE6C374}.Debug|Any CPU.Build.0 = Debug|Any CPU
		{1722D7E5-4318-4208-A00C-4CB14EE6C374}.Release|Any CPU.ActiveCfg = Release|Any CPU
		{1722D7E5-4318-4208-A00C-4CB14EE6C374}.Release|Any CPU.Build.0 = Release|Any CPU
		{1FD3486F-7F4F-4A58-9504-1F0351DB41C8}.Debug|Any CPU.ActiveCfg = Debug|Any CPU
		{1FD3486F-7F4F-4A58-9504-1F0351DB41C8}.Debug|Any CPU.Build.0 = Debug|Any CPU
		{1FD3486F-7F4F-4A58-9504-1F0351DB41C8}.Release|Any CPU.ActiveCfg = Release|Any CPU
		{1FD3486F-7F4F-4A58-9504-1F0351DB41C8}.Release|Any CPU.Build.0 = Release|Any CPU
	EndGlobalSection
	GlobalSection(SolutionProperties) = preSolution
		HideSolutionNode = FALSE
	EndGlobalSection
	GlobalSection(ExtensibilityGlobals) = postSolution
		SolutionGuid = {46B50F66-DF1D-4B7F-9140-A230EC7AB681}
	EndGlobalSection
EndGlobal
